
Microsoft Visual Studio Solution File, Format Version 12.00
# Visual Studio Version 16
VisualStudioVersion = 16.0.30320.27
MinimumVisualStudioVersion = 10.0.40219.1
Project("{9092AA53-FB77-4645-B42D-1CCCA6BD08BD}") = "Javascript_Rockeseat", "Javascript_Rockeseat\Javascript_Rockeseat.njsproj", "{40CE8DAD-3A7A-4344-AB91-D638F7105BCE}"
EndProject
Global
	GlobalSection(SolutionConfigurationPlatforms) = preSolution
		Debug|Any CPU = Debug|Any CPU
		Release|Any CPU = Release|Any CPU
	EndGlobalSection
	GlobalSection(ProjectConfigurationPlatforms) = postSolution
		{40CE8DAD-3A7A-4344-AB91-D638F7105BCE}.Debug|Any CPU.ActiveCfg = Debug|Any CPU
		{40CE8DAD-3A7A-4344-AB91-D638F7105BCE}.Debug|Any CPU.Build.0 = Debug|Any CPU
		{40CE8DAD-3A7A-4344-AB91-D638F7105BCE}.Release|Any CPU.ActiveCfg = Release|Any CPU
		{40CE8DAD-3A7A-4344-AB91-D638F7105BCE}.Release|Any CPU.Build.0 = Release|Any CPU
	EndGlobalSection
	GlobalSection(SolutionProperties) = preSolution
		HideSolutionNode = FALSE
	EndGlobalSection
	GlobalSection(ExtensibilityGlobals) = postSolution
		SolutionGuid = {3CA2C0CA-D451-427D-B872-AEEE8F85DFE8}
	EndGlobalSection
EndGlobal
